{
  "name": "osslab-pku-website",
  "version": "1.0.0",
  "lockfileVersion": 3,
  "requires": true,
  "packages": {
    "": {
      "name": "osslab-pku-website",
      "version": "1.0.0",
      "license": "MIT",
      "dependencies": {
        "bulma": "^0.8",
        "bulma-block-list": "^0.1.1"
      },
      "devDependencies": {
        "mise": "^2026.9.5"
      },
      "engines": {
        "node": ">=18"
      }
    },
    "node_modules/bulma": {
      "version": "0.8.2",
      "resolved": "https://ms-feed-25.pkgs.visualstudio.com/1es-public/_packaging/npm-public/npm/registry/bulma/-/bulma-0.8.2.tgz",
      "integrity": "sha1-XZKPFu1KhFScKHP5XJLDjGnGMac=",
      "license": "MIT"
    },
    "node_modules/bulma-block-list": {
      "version": "0.1.1",
      "resolved": "https://ms-feed-25.pkgs.visualstudio.com/1es-public/_packaging/npm-public/npm/registry/bulma-block-list/-/bulma-block-list-0.1.1.tgz",
      "integrity": "sha512-ebtC0vbsn+MNQWmL7RFf9YElZzy365uBjiHN85op5F9YHITvDmysCf69FyV6emOu0R57Nq7kZHDjC620ntC2ZQ==",
      "license": "MIT"
    },
    "node_modules/mise": {
      "version": "2026.9.5",
      "resolved": "https://ms-feed-25.pkgs.visualstudio.com/1es-public/_packaging/npm-public/npm/registry/mise/-/mise-2026.9.5.tgz",
      "integrity": "sha512-Le3rkRgS2MuDYFWmMyTKpS4EO1p+6s31UM3pr1jfbNfG6gfBHDA1JAI1S6QSM1BGdIwQInQV4QwDvV+CsHC1Bw==",
      "dev": true,
      "hasInstallScript": true,
      "license": "MIT",
      "bin": {
        "mise": "bin/mise"
      },
      "engines": {
        "node": ">=5.0.0"
      }
    }
  }
}
